
Microsoft Visual Studio Solution File, Format Version 12.00
# Visual Studio 15
VisualStudioVersion = 15.0.28307.136
MinimumVisualStudioVersion = 10.0.40219.1
Project("{FAE04EC0-301F-11D3-BF4B-00C04F79EFBC}") = "SummaryGraph", "SummaryGraph\SummaryGraph.csproj", "{2376141A-575C-498D-B386-F80D544968E8}"
EndProject
Global
	GlobalSection(SolutionConfigurationPlatforms) = preSolution
		Debug|Any CPU = Debug|Any CPU
		Release|Any CPU = Release|Any CPU
	EndGlobalSection
	GlobalSection(ProjectConfigurationPlatforms) = postSolution
		{2376141A-575C-498D-B386-F80D544968E8}.Debug|Any CPU.ActiveCfg = Debug|Any CPU
		{2376141A-575C-498D-B386-F80D544968E8}.Debug|Any CPU.Build.0 = Debug|Any CPU
		{2376141A-575C-498D-B386-F80D544968E8}.Release|Any CPU.ActiveCfg = Release|Any CPU
		{2376141A-575C-498D-B386-F80D544968E8}.Release|Any CPU.Build.0 = Release|Any CPU
	EndGlobalSection
	GlobalSection(SolutionProperties) = preSolution
		HideSolutionNode = FALSE
	EndGlobalSection
	GlobalSection(ExtensibilityGlobals) = postSolution
		SolutionGuid = {E51D8C70-5CD4-4386-BA0A-988882DAC4BA}
	EndGlobalSection
EndGlobal
